// !$*UTF8*$!
{
	archiveVersion = 1;
	classes = {
	};
	objectVersion = 50;
	objects = {

/* Begin PBXBuildFile section */
		2F453FC5263A6864002FF42C /* ModalView.swift in Sources */ = {isa = PBXBuildFile; fileRef = 2F453FC4263A6864002FF42C /* ModalView.swift */; };
		2F453FC8263A6968002FF42C /* HomeViewModel.swift in Sources */ = {isa = PBXBuildFile; fileRef = 2F453FC7263A6968002FF42C /* HomeViewModel.swift */; };
		2F453FD0263A92D3002FF42C /* DifficultyButton.swift in Sources */ = {isa = PBXBuildFile; fileRef = 2F453FCF263A92D3002FF42C /* DifficultyButton.swift */; };
		2FB612F1263BCCF50096827E /* Archive.swift in Sources */ = {isa = PBXBuildFile; fileRef = 2FB612F0263BCCF50096827E /* Archive.swift */; };
		2FD900BE263B091000EC14B2 /* Badges.swift in Sources */ = {isa = PBXBuildFile; fileRef = 2FD900BD263B091000EC14B2 /* Badges.swift */; };
		2FE0CF41263A414C0098447E /* KaizenAppApp.swift in Sources */ = {isa = PBXBuildFile; fileRef = 2FE0CF40263A414C0098447E /* KaizenAppApp.swift */; };
		2FE0CF43263A414C0098447E /* ContentView.swift in Sources */ = {isa = PBXBuildFile; fileRef = 2FE0CF42263A414C0098447E /* ContentView.swift */; };
		2FE0CF45263A414D0098447E /* Assets.xcassets in Resources */ = {isa = PBXBuildFile; fileRef = 2FE0CF44263A414D0098447E /* Assets.xcassets */; };
		2FE0CF48263A414D0098447E /* Preview Assets.xcassets in Resources */ = {isa = PBXBuildFile; fileRef = 2FE0CF47263A414D0098447E /* Preview Assets.xcassets */; };
		2FE0CF4A263A414D0098447E /* Persistence.swift in Sources */ = {isa = PBXBuildFile; fileRef = 2FE0CF49263A414D0098447E /* Persistence.swift */; };
		2FE0CF4D263A414D0098447E /* KaizenApp.xcdatamodeld in Sources */ = {isa = PBXBuildFile; fileRef = 2FE0CF4B263A414D0098447E /* KaizenApp.xcdatamodeld */; };
		2FE0CF59263A53730098447E /* Launch Screen.storyboard in Resources */ = {isa = PBXBuildFile; fileRef = 2FE0CF58263A53730098447E /* Launch Screen.storyboard */; };
		2FE0CF5F263A55DC0098447E /* Home.swift in Sources */ = {isa = PBXBuildFile; fileRef = 2FE0CF5E263A55DC0098447E /* Home.swift */; };
/* End PBXBuildFile section */

/* Begin PBXFileReference section */
		2F453FC4263A6864002FF42C /* ModalView.swift */ = {isa = PBXFileReference; lastKnownFileType = sourcecode.swift; path = ModalView.swift; sourceTree = "<group>"; };
		2F453FC7263A6968002FF42C /* HomeViewModel.swift */ = {isa = PBXFileReference; lastKnownFileType = sourcecode.swift; path = HomeViewModel.swift; sourceTree = "<group>"; };
		2F453FCF263A92D3002FF42C /* DifficultyButton.swift */ = {isa = PBXFileReference; lastKnownFileType = sourcecode.swift; path = DifficultyButton.swift; sourceTree = "<group>"; };
		2FB612F0263BCCF50096827E /* Archive.swift */ = {isa = PBXFileReference; lastKnownFileType = sourcecode.swift; path = Archive.swift; sourceTree = "<group>"; };
		2FD900BD263B091000EC14B2 /* Badges.swift */ = {isa = PBXFileReference; lastKnownFileType = sourcecode.swift; path = Badges.swift; sourceTree = "<group>"; };
		2FE0CF3D263A414C0098447E /* KaizenApp.app */ = {isa = PBXFileReference; explicitFileType = wrapper.application; includeInIndex = 0; path = KaizenApp.app; sourceTree = BUILT_PRODUCTS_DIR; };
		2FE0CF40263A414C0098447E /* KaizenAppApp.swift */ = {isa = PBXFileReference; lastKnownFileType = sourcecode.swift; path = KaizenAppApp.swift; sourceTree = "<group>"; };
		2FE0CF42263A414C0098447E /* ContentView.swift */ = {isa = PBXFileReference; lastKnownFileType = sourcecode.swift; path = ContentView.swift; sourceTree = "<group>"; };
		2FE0CF44263A414D0098447E /* Assets.xcassets */ = {isa = PBXFileReference; lastKnownFileType = folder.assetcatalog; path = Assets.xcassets; sourceTree = "<group>"; };
		2FE0CF47263A414D0098447E /* Preview Assets.xcassets */ = {isa = PBXFileReference; lastKnownFileType = folder.assetcatalog; path = "Preview Assets.xcassets"; sourceTree = "<group>"; };
		2FE0CF49263A414D0098447E /* Persistence.swift */ = {isa = PBXFileReference; lastKnownFileType = sourcecode.swift; path = Persistence.swift; sourceTree = "<group>"; };
		2FE0CF4C263A414D0098447E /* KaizenApp.xcdatamodel */ = {isa = PBXFileReference; lastKnownFileType = wrapper.xcdatamodel; path = KaizenApp.xcdatamodel; sourceTree = "<group>"; };
		2FE0CF4E263A414D0098447E /* Info.plist */ = {isa = PBXFileReference; lastKnownFileType = text.plist.xml; path = Info.plist; sourceTree = "<group>"; };
		2FE0CF58263A53730098447E /* Launch Screen.storyboard */ = {isa = PBXFileReference; lastKnownFileType = file.storyboard; path = "Launch Screen.storyboard"; sourceTree = "<group>"; };
		2FE0CF5E263A55DC0098447E /* Home.swift */ = {isa = PBXFileReference; lastKnownFileType = sourcecode.swift; path = Home.swift; sourceTree = "<group>"; };
/* End PBXFileReference section */

/* Begin PBXFrameworksBuildPhase section */
		2FE0CF3A263A414C0098447E /* Frameworks */ = {
			isa = PBXFrameworksBuildPhase;
			buildActionMask = 2147483647;
			files = (
			);
			runOnlyForDeploymentPostprocessing = 0;
		};
/* End PBXFrameworksBuildPhase section */

/* Begin PBXGroup section */
		2FE0CF34263A414C0098447E = {
			isa = PBXGroup;
			children = (
				2FE0CF3F263A414C0098447E /* KaizenApp */,
				2FE0CF3E263A414C0098447E /* Products */,
			);
			sourceTree = "<group>";
		};
		2FE0CF3E263A414C0098447E /* Products */ = {
			isa = PBXGroup;
			children = (
				2FE0CF3D263A414C0098447E /* KaizenApp.app */,
			);
			name = Products;
			sourceTree = "<group>";
		};
		2FE0CF3F263A414C0098447E /* KaizenApp */ = {
			isa = PBXGroup;
			children = (
				2FE0CF5D263A55C40098447E /* ViewModel */,
				2FE0CF5C263A55B80098447E /* View */,
				2FE0CF40263A414C0098447E /* KaizenAppApp.swift */,
				2FE0CF42263A414C0098447E /* ContentView.swift */,
				2FE0CF44263A414D0098447E /* Assets.xcassets */,
				2FE0CF49263A414D0098447E /* Persistence.swift */,
				2FE0CF4E263A414D0098447E /* Info.plist */,
				2FE0CF4B263A414D0098447E /* KaizenApp.xcdatamodeld */,
				2FE0CF46263A414D0098447E /* Preview Content */,
				2FE0CF58263A53730098447E /* Launch Screen.storyboard */,
			);
			path = KaizenApp;
			sourceTree = "<group>";
		};
		2FE0CF46263A414D0098447E /* Preview Content */ = {
			isa = PBXGroup;
			children = (
				2FE0CF47263A414D0098447E /* Preview Assets.xcassets */,
			);
			path = "Preview Content";
			sourceTree = "<group>";
		};
		2FE0CF5C263A55B80098447E /* View */ = {
			isa = PBXGroup;
			children = (
				2FE0CF5E263A55DC0098447E /* Home.swift */,
				2F453FC4263A6864002FF42C /* ModalView.swift */,
				2F453FCF263A92D3002FF42C /* DifficultyButton.swift */,
				2FD900BD263B091000EC14B2 /* Badges.swift */,
				2FB612F0263BCCF50096827E /* Archive.swift */,
			);
			path = View;
			sourceTree = "<group>";
		};
		2FE0CF5D263A55C40098447E /* ViewModel */ = {
			isa = PBXGroup;
			children = (
				2F453FC7263A6968002FF42C /* HomeViewModel.swift */,
			);
			path = ViewModel;
			sourceTree = "<group>";
		};
/* End PBXGroup section */

/* Begin PBXNativeTarget section */
		2FE0CF3C263A414C0098447E /* KaizenApp */ = {
			isa = PBXNativeTarget;
			buildConfigurationList = 2FE0CF51263A414D0098447E /* Build configuration list for PBXNativeTarget "KaizenApp" */;
			buildPhases = (
				2FE0CF39263A414C0098447E /* Sources */,
				2FE0CF3A263A414C0098447E /* Frameworks */,
				2FE0CF3B263A414C0098447E /* Resources */,
			);
			buildRules = (
			);
			dependencies = (
			);
			name = KaizenApp;
			productName = KaizenApp;
			productReference = 2FE0CF3D263A414C0098447E /* KaizenApp.app */;
			productType = "com.apple.product-type.application";
		};
/* End PBXNativeTarget section */

/* Begin PBXProject section */
		2FE0CF35263A414C0098447E /* Project object */ = {
			isa = PBXProject;
			attributes = {
				LastSwiftUpdateCheck = 1240;
				LastUpgradeCheck = 1240;
				TargetAttributes = {
					2FE0CF3C263A414C0098447E = {
						CreatedOnToolsVersion = 12.4;
					};
				};
			};
			buildConfigurationList = 2FE0CF38263A414C0098447E /* Build configuration list for PBXProject "KaizenApp" */;
			compatibilityVersion = "Xcode 9.3";
			developmentRegion = en;
			hasScannedForEncodings = 0;
			knownRegions = (
				en,
				Base,
			);
			mainGroup = 2FE0CF34263A414C0098447E;
			productRefGroup = 2FE0CF3E263A414C0098447E /* Products */;
			projectDirPath = "";
			projectRoot = "";
			targets = (
				2FE0CF3C263A414C0098447E /* KaizenApp */,
			);
		};
/* End PBXProject section */

/* Begin PBXResourcesBuildPhase section */
		2FE0CF3B263A414C0098447E /* Resources */ = {
			isa = PBXResourcesBuildPhase;
			buildActionMask = 2147483647;
			files = (
				2FE0CF59263A53730098447E /* Launch Screen.storyboard in Resources */,
				2FE0CF48263A414D0098447E /* Preview Assets.xcassets in Resources */,
				2FE0CF45263A414D0098447E /* Assets.xcassets in Resources */,
			);
			runOnlyForDeploymentPostprocessing = 0;
		};
/* End PBXResourcesBuildPhase section */

/* Begin PBXSourcesBuildPhase section */
		2FE0CF39263A414C0098447E /* Sources */ = {
			isa = PBXSourcesBuildPhase;
			buildActionMask = 2147483647;
			files = (
				2F453FD0263A92D3002FF42C /* DifficultyButton.swift in Sources */,
				2F453FC5263A6864002FF42C /* ModalView.swift in Sources */,
				2FE0CF4A263A414D0098447E /* Persistence.swift in Sources */,
				2F453FC8263A6968002FF42C /* HomeViewModel.swift in Sources */,
				2FB612F1263BCCF50096827E /* Archive.swift in Sources */,
				2FE0CF4D263A414D0098447E /* KaizenApp.xcdatamodeld in Sources */,
				2FE0CF5F263A55DC0098447E /* Home.swift in Sources */,
				2FD900BE263B091000EC14B2 /* Badges.swift in Sources */,
				2FE0CF43263A414C0098447E /* ContentView.swift in Sources */,
				2FE0CF41263A414C0098447E /* KaizenAppApp.swift in Sources */,
			);
			runOnlyForDeploymentPostprocessing = 0;
		};
/* End PBXSourcesBuildPhase section */

/* Begin XCBuildConfiguration section */
		2FE0CF4F263A414D0098447E /* Debug */ = {
			isa = XCBuildConfiguration;
			buildSettings = {
				ALWAYS_SEARCH_USER_PATHS = NO;
				CLANG_ANALYZER_NONNULL = YES;
				CLANG_ANALYZER_NUMBER_OBJECT_CONVERSION = YES_AGGRESSIVE;
				CLANG_CXX_LANGUAGE_STANDARD = "gnu++14";
				CLANG_CXX_LIBRARY = "libc++";
				CLANG_ENABLE_MODULES = YES;
				CLANG_ENABLE_OBJC_ARC = YES;
				CLANG_ENABLE_OBJC_WEAK = YES;
				CLANG_WARN_BLOCK_CAPTURE_AUTORELEASING = YES;
				CLANG_WARN_BOOL_CONVERSION = YES;
				CLANG_WARN_COMMA = YES;
				CLANG_WARN_CONSTANT_CONVERSION = YES;
				CLANG_WARN_DEPRECATED_OBJC_IMPLEMENTATIONS = YES;
				CLANG_WARN_DIRECT_OBJC_ISA_USAGE = YES_ERROR;
				CLANG_WARN_DOCUMENTATION_COMMENTS = YES;
				CLANG_WARN_EMPTY_BODY = YES;
				CLANG_WARN_ENUM_CONVERSION = YES;
				CLANG_WARN_INFINITE_RECURSION = YES;
				CLANG_WARN_INT_CONVERSION = YES;
				CLANG_WARN_NON_LITERAL_NULL_CONVERSION = YES;
				CLANG_WARN_OBJC_IMPLICIT_RETAIN_SELF = YES;
				CLANG_WARN_OBJC_LITERAL_CONVERSION = YES;
				CLANG_WARN_OBJC_ROOT_CLASS = YES_ERROR;
				CLANG_WARN_QUOTED_INCLUDE_IN_FRAMEWORK_HEADER = YES;
				CLANG_WARN_RANGE_LOOP_ANALYSIS = YES;
				CLANG_WARN_STRICT_PROTOTYPES = YES;
				CLANG_WARN_SUSPICIOUS_MOVE = YES;
				CLANG_WARN_UNGUARDED_AVAILABILITY = YES_AGGRESSIVE;
				CLANG_WARN_UNREACHABLE_CODE = YES;
				CLANG_WARN__DUPLICATE_METHOD_MATCH = YES;
				COPY_PHASE_STRIP = NO;
				DEBUG_INFORMATION_FORMAT = dwarf;
				ENABLE_STRICT_OBJC_MSGSEND = YES;
				ENABLE_TESTABILITY = YES;
				GCC_C_LANGUAGE_STANDARD = gnu11;
				GCC_DYNAMIC_NO_PIC = NO;
				GCC_NO_COMMON_BLOCKS = YES;
				GCC_OPTIMIZATION_LEVEL = 0;
				GCC_PREPROCESSOR_DEFINITIONS = (
					"DEBUG=1",
					"$(inherited)",
				);
				GCC_WARN_64_TO_32_BIT_CONVERSION = YES;
				GCC_WARN_ABOUT_RETURN_TYPE = YES_ERROR;
				GCC_WARN_UNDECLARED_SELECTOR = YES;
				GCC_WARN_UNINITIALIZED_AUTOS = YES_AGGRESSIVE;
				GCC_WARN_UNUSED_FUNCTION = YES;
				GCC_WARN_UNUSED_VARIABLE = YES;
				IPHONEOS_DEPLOYMENT_TARGET = 14.4;
				MTL_ENABLE_DEBUG_INFO = INCLUDE_SOURCE;
				MTL_FAST_MATH = YES;
				ONLY_ACTIVE_ARCH = YES;
				SDKROOT = iphoneos;
				SWIFT_ACTIVE_COMPILATION_CONDITIONS = DEBUG;
				SWIFT_OPTIMIZATION_LEVEL = "-Onone";
			};
			name = Debug;
		};
		2FE0CF50263A414D0098447E /* Release */ = {
			isa = XCBuildConfiguration;
			buildSettings = {
				ALWAYS_SEARCH_USER_PATHS = NO;
				CLANG_ANALYZER_NONNULL = YES;
				CLANG_ANALYZER_NUMBER_OBJECT_CONVERSION = YES_AGGRESSIVE;
				CLANG_CXX_LANGUAGE_STANDARD = "gnu++14";
				CLANG_CXX_LIBRARY = "libc++";
				CLANG_ENABLE_MODULES = YES;
				CLANG_ENABLE_OBJC_ARC = YES;
				CLANG_ENABLE_OBJC_WEAK = YES;
				CLANG_WARN_BLOCK_CAPTURE_AUTORELEASING = YES;
				CLANG_WARN_BOOL_CONVERSION = YES;
				CLANG_WARN_COMMA = YES;
				CLANG_WARN_CONSTANT_CONVERSION = YES;
				CLANG_WARN_DEPRECATED_OBJC_IMPLEMENTATIONS = YES;
				CLANG_WARN_DIRECT_OBJC_ISA_USAGE = YES_ERROR;
				CLANG_WARN_DOCUMENTATION_COMMENTS = YES;
				CLANG_WARN_EMPTY_BODY = YES;
				CLANG_WARN_ENUM_CONVERSION = YES;
				CLANG_WARN_INFINITE_RECURSION = YES;
				CLANG_WARN_INT_CONVERSION = YES;
				CLANG_WARN_NON_LITERAL_NULL_CONVERSION = YES;
				CLANG_WARN_OBJC_IMPLICIT_RETAIN_SELF = YES;
				CLANG_WARN_OBJC_LITERAL_CONVERSION = YES;
				CLANG_WARN_OBJC_ROOT_CLASS = YES_ERROR;
				CLANG_WARN_QUOTED_INCLUDE_IN_FRAMEWORK_HEADER = YES;
				CLANG_WARN_RANGE_LOOP_ANALYSIS = YES;
				CLANG_WARN_STRICT_PROTOTYPES = YES;
				CLANG_WARN_SUSPICIOUS_MOVE = YES;
				CLANG_WARN_UNGUARDED_AVAILABILITY = YES_AGGRESSIVE;
				CLANG_WARN_UNREACHABLE_CODE = YES;
				CLANG_WARN__DUPLICATE_METHOD_MATCH = YES;
				COPY_PHASE_STRIP = NO;
				DEBUG_INFORMATION_FORMAT = "dwarf-with-dsym";
				ENABLE_NS_ASSERTIONS = NO;
				ENABLE_STRICT_OBJC_MSGSEND = YES;
				GCC_C_LANGUAGE_STANDARD = gnu11;
				GCC_NO_COMMON_BLOCKS = YES;
				GCC_WARN_64_TO_32_BIT_CONVERSION = YES;
				GCC_WARN_ABOUT_RETURN_TYPE = YES_ERROR;
				GCC_WARN_UNDECLARED_SELECTOR = YES;
				GCC_WARN_UNINITIALIZED_AUTOS = YES_AGGRESSIVE;
				GCC_WARN_UNUSED_FUNCTION = YES;
				GCC_WARN_UNUSED_VARIABLE = YES;
				IPHONEOS_DEPLOYMENT_TARGET = 14.4;
				MTL_ENABLE_DEBUG_INFO = NO;
				MTL_FAST_MATH = YES;
				SDKROOT = iphoneos;
				SWIFT_COMPILATION_MODE = wholemodule;
				SWIFT_OPTIMIZATION_LEVEL = "-O";
				VALIDATE_PRODUCT = YES;
			};
			name = Release;
		};
		2FE0CF52263A414D0098447E /* Debug */ = {
			isa = XCBuildConfiguration;
			buildSettings = {
				ASSETCATALOG_COMPILER_APPICON_NAME = AppIcon;
				ASSETCATALOG_COMPILER_GLOBAL_ACCENT_COLOR_NAME = AccentColor;
				CODE_SIGN_STYLE = Automatic;
				DEVELOPMENT_ASSET_PATHS = "\"KaizenApp/Preview Content\"";
				DEVELOPMENT_TEAM = UFNNYX499Q;
				ENABLE_PREVIEWS = YES;
				INFOPLIST_FILE = KaizenApp/Info.plist;
				IPHONEOS_DEPLOYMENT_TARGET = 14.0;
				LD_RUNPATH_SEARCH_PATHS = (
					"$(inherited)",
					"@executable_path/Frameworks",
				);
				PRODUCT_BUNDLE_IDENTIFIER = com.dholigum.KaizenApp;
				PRODUCT_NAME = "$(TARGET_NAME)";
				SWIFT_VERSION = 5.0;
				TARGETED_DEVICE_FAMILY = "1,2";
			};
			name = Debug;
		};
		2FE0CF53263A414D0098447E /* Release */ = {
			isa = XCBuildConfiguration;
			buildSettings = {
				ASSETCATALOG_COMPILER_APPICON_NAME = AppIcon;
				ASSETCATALOG_COMPILER_GLOBAL_ACCENT_COLOR_NAME = AccentColor;
				CODE_SIGN_STYLE = Automatic;
				DEVELOPMENT_ASSET_PATHS = "\"KaizenApp/Preview Content\"";
				DEVELOPMENT_TEAM = UFNNYX499Q;
				ENABLE_PREVIEWS = YES;
				INFOPLIST_FILE = KaizenApp/Info.plist;
				IPHONEOS_DEPLOYMENT_TARGET = 14.0;
				LD_RUNPATH_SEARCH_PATHS = (
					"$(inherited)",
					"@executable_path/Frameworks",
				);
				PRODUCT_BUNDLE_IDENTIFIER = com.dholigum.KaizenApp;
				PRODUCT_NAME = "$(TARGET_NAME)";
				SWIFT_VERSION = 5.0;
				TARGETED_DEVICE_FAMILY = "1,2";
			};
			name = Release;
		};
/* End XCBuildConfiguration section */

/* Begin XCConfigurationList section */
		2FE0CF38263A414C0098447E /* Build configuration list for PBXProject "KaizenApp" */ = {
			isa = XCConfigurationList;
			buildConfigurations = (
				2FE0CF4F263A414D0098447E /* Debug */,
				2FE0CF50263A414D0098447E /* Release */,
			);
			defaultConfigurationIsVisible = 0;
			defaultConfigurationName = Release;
		};
		2FE0CF51263A414D0098447E /* Build configuration list for PBXNativeTarget "KaizenApp" */ = {
			isa = XCConfigurationList;
			buildConfigurations = (
				2FE0CF52263A414D0098447E /* Debug */,
				2FE0CF53263A414D0098447E /* Release */,
			);
			defaultConfigurationIsVisible = 0;
			defaultConfigurationName = Release;
		};
/* End XCConfigurationList section */

/* Begin XCVersionGroup section */
		2FE0CF4B263A414D0098447E /* KaizenApp.xcdatamodeld */ = {
			isa = XCVersionGroup;
			children = (
				2FE0CF4C263A414D0098447E /* KaizenApp.xcdatamodel */,
			);
			currentVersion = 2FE0CF4C263A414D0098447E /* KaizenApp.xcdatamodel */;
			path = KaizenApp.xcdatamodeld;
			sourceTree = "<group>";
			versionGroupType = wrapper.xcdatamodel;
		};
/* End XCVersionGroup section */
	};
	rootObject = 2FE0CF35263A414C0098447E /* Project object */;
}
